version = 1
revision = 3
requires-python = ">=3.13"

[[package]]
name = "ctp-swig-build"
version = "0.0.1"
source = { virtual = "." }
dependencies = [
    { name = "meson-python" },
    { name = "mypy" },
    { name = "swig" },
]

[package.metadata]
requires-dist = [
    { name = "meson-python", specifier = ">=0.18.0" },
    { name = "mypy", specifier = ">=1.18.1" },
    { name = "swig", specifier = ">=4.4.1" },
]

[[package]]
name = "meson"
version = "1.9.0"
source = { registry = "https://pypi.org/simple" }
sdist = { url = "https://files.pythonhosted.org/packages/0a/8a/8315a2711dd269533019d7fdad1cf79416aadff454c539c2da88bc6e7200/meson-1.9.0.tar.gz", hash = "sha256:cd27277649b5ed50d19875031de516e270b22e890d9db65ed9af57d18ebc498d", size = 2366082, upload-time = "2025-08-24T17:01:46.984Z" }
wheels = [
    { url = "https://files.pythonhosted.org/packages/23/ed/a449e8fb5764a7f6df6e887a2d350001deca17efd6ecd5251d2fb6202009/meson-1.9.0-py3-none-any.whl", hash = "sha256:45e51ddc41e37d961582d06e78c48e0f9039011587f3495c4d6b0781dad92357", size = 1029634, upload-time = "2025-08-24T17:01:44.14Z" },
]

[[package]]
name = "meson-python"
version = "0.18.0"
source = { registry = "https://pypi.org/simple" }
dependencies = [
    { name = "meson" },
    { name = "packaging" },
    { name = "pyproject-metadata" },
]
sdist = { url = "https://files.pythonhosted.org/packages/26/bd/fdb26366443620f1a8a4d4ec7bfa37d1fbbe7bf737b257c205bbcf95ba95/meson_python-0.18.0.tar.gz", hash = "sha256:c56a99ec9df669a40662fe46960321af6e4b14106c14db228709c1628e23848d", size = 95630, upload-time = "2025-05-05T10:13:56.889Z" }
wheels = [
    { url = "https://files.pythonhosted.org/packages/28/58/66db620a8a7ccb32633de9f403fe49f1b63c68ca94e5c340ec5cceeb9821/meson_python-0.18.0-py3-none-any.whl", hash = "sha256:3b0fe051551cc238f5febb873247c0949cd60ded556efa130aa57021804868e2", size = 28420, upload-time = "2025-05-05T10:13:55.218Z" },
]

[[package]]
name = "mypy"
version = "1.18.1"
source = { registry = "https://pypi.org/simple" }
dependencies = [
    { name = "mypy-extensions" },
    { name = "pathspec" },
    { name = "typing-extensions" },
]
sdist = { url = "https://files.pythonhosted.org/packages/14/a3/931e09fc02d7ba96da65266884da4e4a8806adcdb8a57faaacc6edf1d538/mypy-1.18.1.tar.gz", hash = "sha256:9e988c64ad3ac5987f43f5154f884747faf62141b7f842e87465b45299eea5a9", size = 3448447, upload-time = "2025-09-11T23:00:47.067Z" }
wheels = [
    { url = "https://files.pythonhosted.org/packages/e4/ec/ef4a7260e1460a3071628a9277a7579e7da1b071bc134ebe909323f2fbc7/mypy-1.18.1-cp313-cp313-macosx_10_13_x86_64.whl", hash = "sha256:d70d2b5baf9b9a20bc9c730015615ae3243ef47fb4a58ad7b31c3e0a59b5ef1f", size = 12918671, upload-time = "2025-09-11T22:58:29.814Z" },
    { url = "https://files.pythonhosted.org/packages/a1/82/0ea6c3953f16223f0b8eda40c1aeac6bd266d15f4902556ae6e91f6fca4c/mypy-1.18.1-cp313-cp313-macosx_11_0_arm64.whl", hash = "sha256:b8367e33506300f07a43012fc546402f283c3f8bcff1dc338636affb710154ce", size = 11913023, upload-time = "2025-09-11T23:00:29.049Z" },
    { url = "https://files.pythonhosted.org/packages/ae/ef/5e2057e692c2690fc27b3ed0a4dbde4388330c32e2576a23f0302bc8358d/mypy-1.18.1-cp313-cp313-manylinux2014_aarch64.manylinux_2_17_aarch64.manylinux_2_28_aarch64.whl", hash = "sha256:913f668ec50c3337b89df22f973c1c8f0b29ee9e290a8b7fe01cc1ef7446d42e", size = 12473355, upload-time = "2025-09-11T23:00:04.544Z" },
    { url = "https://files.pythonhosted.org/packages/98/43/b7e429fc4be10e390a167b0cd1810d41cb4e4add4ae50bab96faff695a3b/mypy-1.18.1-cp313-cp313-manylinux2014_x86_64.manylinux_2_17_x86_64.manylinux_2_28_x86_64.whl", hash = "sha256:1a0e70b87eb27b33209fa4792b051c6947976f6ab829daa83819df5f58330c71", size = 13346944, upload-time = "2025-09-11T22:58:23.024Z" },
    { url = "https://files.pythonhosted.org/packages/89/4e/899dba0bfe36bbd5b7c52e597de4cf47b5053d337b6d201a30e3798e77a6/mypy-1.18.1-cp313-cp313-musllinux_1_2_x86_64.whl", hash = "sha256:c378d946e8a60be6b6ede48c878d145546fb42aad61df998c056ec151bf6c746", size = 13512574, upload-time = "2025-09-11T22:59:52.152Z" },
    { url = "https://files.pythonhosted.org/packages/f5/f8/7661021a5b0e501b76440454d786b0f01bb05d5c4b125fcbda02023d0250/mypy-1.18.1-cp313-cp313-win_amd64.whl", hash = "sha256:2cd2c1e0f3a7465f22731987fff6fc427e3dcbb4ca5f7db5bbeaff2ff9a31f6d", size = 9837684, upload-time = "2025-09-11T22:58:44.454Z" },
    { url = "https://files.pythonhosted.org/packages/bf/87/7b173981466219eccc64c107cf8e5ab9eb39cc304b4c07df8e7881533e4f/mypy-1.18.1-cp314-cp314-macosx_10_13_x86_64.whl", hash = "sha256:ba24603c58e34dd5b096dfad792d87b304fc6470cbb1c22fd64e7ebd17edcc61", size = 12900265, upload-time = "2025-09-11T22:59:03.4Z" },
    { url = "https://files.pythonhosted.org/packages/ae/cc/b10e65bae75b18a5ac8f81b1e8e5867677e418f0dd2c83b8e2de9ba96ebd/mypy-1.18.1-cp314-cp314-macosx_11_0_arm64.whl", hash = "sha256:ed36662fb92ae4cb3cacc682ec6656208f323bbc23d4b08d091eecfc0863d4b5", size = 11942890, upload-time = "2025-09-11T23:00:00.607Z" },
    { url = "https://files.pythonhosted.org/packages/39/d4/aeefa07c44d09f4c2102e525e2031bc066d12e5351f66b8a83719671004d/mypy-1.18.1-cp314-cp314-manylinux2014_aarch64.manylinux_2_17_aarch64.manylinux_2_28_aarch64.whl", hash = "sha256:040ecc95e026f71a9ad7956fea2724466602b561e6a25c2e5584160d3833aaa8", size = 12472291, upload-time = "2025-09-11T22:59:43.425Z" },
    { url = "https://files.pythonhosted.org/packages/c6/07/711e78668ff8e365f8c19735594ea95938bff3639a4c46a905e3ed8ff2d6/mypy-1.18.1-cp314-cp314-manylinux2014_x86_64.manylinux_2_17_x86_64.manylinux_2_28_x86_64.whl", hash = "sha256:937e3ed86cb731276706e46e03512547e43c391a13f363e08d0fee49a7c38a0d", size = 13318610, upload-time = "2025-09-11T23:00:17.604Z" },
    { url = "https://files.pythonhosted.org/packages/ca/85/df3b2d39339c31d360ce299b418c55e8194ef3205284739b64962f6074e7/mypy-1.18.1-cp314-cp314-musllinux_1_2_x86_64.whl", hash = "sha256:1f95cc4f01c0f1701ca3b0355792bccec13ecb2ec1c469e5b85a6ef398398b1d", size = 13513697, upload-time = "2025-09-11T22:58:59.534Z" },
    { url = "https://files.pythonhosted.org/packages/b1/df/462866163c99ea73bb28f0eb4d415c087e30de5d36ee0f5429d42e28689b/mypy-1.18.1-cp314-cp314-win_amd64.whl", hash = "sha256:e4f16c0019d48941220ac60b893615be2f63afedaba6a0801bdcd041b96991ce", size = 9985739, upload-time = "2025-09-11T22:58:51.644Z" },
    { url = "https://files.pythonhosted.org/packages/e0/1d/4b97d3089b48ef3d904c9ca69fab044475bd03245d878f5f0b3ea1daf7ce/mypy-1.18.1-py3-none-any.whl", hash = "sha256:b76a4de66a0ac01da1be14ecc8ae88ddea33b8380284a9e3eae39d57ebcbe26e", size = 2352212, upload-time = "2025-09-11T22:59:26.576Z" },
]

[[package]]
name = "mypy-extensions"
version = "1.1.0"
source = { registry = "https://pypi.org/simple" }
sdist = { url = "https://files.pythonhosted.org/packages/a2/6e/371856a3fb9d31ca8dac321cda606860fa4548858c0cc45d9d1d4ca2628b/mypy_extensions-1.1.0.tar.gz", hash = "sha256:52e68efc3284861e772bbcd66823fde5ae21fd2fdb51c62a211403730b916558", size = 6343, upload-time = "2025-04-22T14:54:24.164Z" }
wheels = [
    { url = "https://files.pythonhosted.org/packages/79/7b/2c79738432f5c924bef5071f933bcc9efd0473bac3b4aa584a6f7c1c8df8/mypy_extensions-1.1.0-py3-none-any.whl", hash = "sha256:1be4cccdb0f2482337c4743e60421de3a356cd97508abadd57d47403e94f5505", size = 4963, upload-time = "2025-04-22T14:54:22.983Z" },
]

[[package]]
name = "packaging"
version = "25.0"
source = { registry = "https://pypi.org/simple" }
sdist = { url = "https://files.pythonhosted.org/packages/a1/d4/1fc4078c65507b51b96ca8f8c3ba19e6a61c8253c72794544580a7b6c24d/packaging-25.0.tar.gz", hash = "sha256:d443872c98d677bf60f6a1f2f8c1cb748e8fe762d2bf9d3148b5599295b0fc4f", size = 165727, upload-time = "2025-04-19T11:48:59.673Z" }
wheels = [
    { url = "https://files.pythonhosted.org/packages/20/12/38679034af332785aac8774540895e234f4d07f7545804097de4b666afd8/packaging-25.0-py3-none-any.whl", hash = "sha256:29572ef2b1f17581046b3a2227d5c611fb25ec70ca1ba8554b24b0e69331a484", size = 66469, upload-time = "2025-04-19T11:48:57.875Z" },
]

[[package]]
name = "pathspec"
version = "0.12.1"
source = { registry = "https://pypi.org/simple" }
sdist = { url = "https://files.pythonhosted.org/packages/ca/bc/f35b8446f4531a7cb215605d100cd88b7ac6f44ab3fc94870c120ab3adbf/pathspec-0.12.1.tar.gz", hash = "sha256:a482d51503a1ab33b1c67a6c3813a26953dbdc71c31dacaef9a838c4e29f5712", size = 51043, upload-time = "2023-12-10T22:30:45Z" }
wheels = [
    { url = "https://files.pythonhosted.org/packages/cc/20/ff623b09d963f88bfde16306a54e12ee5ea43e9b597108672ff3a408aad6/pathspec-0.12.1-py3-none-any.whl", hash = "sha256:a0d503e138a4c123b27490a4f7beda6a01c6f288df0e4a8b79c7eb0dc7b4cc08", size = 31191, upload-time = "2023-12-10T22:30:43.14Z" },
]

[[package]]
name = "pyproject-metadata"
version = "0.9.1"
source = { registry = "https://pypi.org/simple" }
dependencies = [
    { name = "packaging" },
]
sdist = { url = "https://files.pythonhosted.org/packages/64/ae/5fa065b049e97f96880de0611dbba513f0ee313b6edd0a64664c7b46a8e8/pyproject_metadata-0.9.1.tar.gz", hash = "sha256:b8b2253dd1b7062b78cf949a115f02ba7fa4114aabe63fa10528e9e1a954a816", size = 38415, upload-time = "2025-03-10T22:15:11.313Z" }
wheels = [
    { url = "https://files.pythonhosted.org/packages/7e/b1/8e63033b259e0a4e40dd1ec4a9fee17718016845048b43a36ec67d62e6fe/pyproject_metadata-0.9.1-py3-none-any.whl", hash = "sha256:ee5efde548c3ed9b75a354fc319d5afd25e9585fa918a34f62f904cc731973ad", size = 18829, upload-time = "2025-03-10T22:15:09.632Z" },
]

[[package]]
name = "swig"
version = "4.4.1"
source = { registry = "https://pypi.org/simple" }
sdist = { url = "https://files.pythonhosted.org/packages/9c/99/0556919f96b1c291a7ff83793adb328e2a1a5e6cfb379d5acc637cdec959/swig-4.4.1.tar.gz", hash = "sha256:db9a625653f6454530a6c6553d17cf576d7aa2d253c76dc8cdd5979f0cb15012", size = 25956, upload-time = "2025-12-27T03:25:49.609Z" }
wheels = [
    { url = "https://files.pythonhosted.org/packages/5e/92/5c2d8617871eeda00467afe94a7d58a1ad0217d71a39905ed682da9dfef8/swig-4.4.1-py3-none-macosx_10_9_universal2.whl", hash = "sha256:c185b217d2ed96ef475c48956e52dd3572a63d3aa3344bc45ee3fb4dc339ada0", size = 2592417, upload-time = "2025-12-27T03:25:14.681Z" },
    { url = "https://files.pythonhosted.org/packages/c0/4d/860e5475fe38b9c7dc36f61d0c370a62b6cc725d2bd11ada1d22a60ff5f7/swig-4.4.1-py3-none-manylinux2014_aarch64.manylinux_2_17_aarch64.whl", hash = "sha256:520fde8805b4775ef3814576929b8c44d666220b06d8da625f292192f9e74fe8", size = 1917511, upload-time = "2025-12-27T03:25:18.064Z" },
    { url = "https://files.pythonhosted.org/packages/84/e1/5cd4de23ff2b1d225279f7c7826191b1dbdb77fc858fe12ee7be2562ddb7/swig-4.4.1-py3-none-manylinux2014_ppc64le.manylinux_2_17_ppc64le.whl", hash = "sha256:d8cca45a0e8d1e045a1490ea2d05bc1c49e2c266dbbe5954048e2a93d125ee07", size = 2066284, upload-time = "2025-12-27T03:25:19.624Z" },
    { url = "https://files.pythonhosted.org/packages/96/42/d49992f3c39c90d3d46c431a4afea60fc16bae542cf07f394b298a1b21b5/swig-4.4.1-py3-none-manylinux2014_s390x.manylinux_2_17_s390x.whl", hash = "sha256:bfe6ce6189fc8b983f65f5ed3db8e1d8be03accb0ec3869f986a8343f014e4d9", size = 1912492, upload-time = "2025-12-27T03:25:21.843Z" },
    { url = "https://files.pythonhosted.org/packages/10/2e/4baa50fcf932f9d58bc8394b211c7daf3b7ec1e53c08d560142f1bc99cb9/swig-4.4.1-py3-none-manylinux_2_12_i686.manylinux2010_i686.whl", hash = "sha256:9c98d7b882b6debe3cbb87e6503858e104162d7ce5ab4cfc23425da2e26e51b5", size = 1979872, upload-time = "2025-12-27T03:25:23.48Z" },
    { url = "https://files.pythonhosted.org/packages/fa/7b/e3a14d053fa18b0d2e14efcc21883816964ddbe52a0c43018e195a99aba2/swig-4.4.1-py3-none-manylinux_2_12_x86_64.manylinux2010_x86_64.whl", hash = "sha256:ae3da2bf679a4c942a2c100789395d4d167e7da8286018124e4665f5eff43e31", size = 1895896, upload-time = "2025-12-27T03:25:24.98Z" },
    { url = "https://files.pythonhosted.org/packages/f0/a6/c961a911385a4cc4ae10b4dcbcf5dede0407530e59870ce6e4f7bacce47d/swig-4.4.1-py3-none-manylinux_2_24_armv7l.manylinux_2_31_armv7l.whl", hash = "sha256:7945f153f7fc93f1ab280f44a3740d6bbfeec3829f954784ba83990fc61a11a8", size = 1912119, upload-time = "2025-12-27T03:25:27.661Z" },
    { url = "https://files.pythonhosted.org/packages/86/4b/a08a2673a2fd3185932db110de67a9f6fdfcece6bf9220e18502bf745f7e/swig-4.4.1-py3-none-manylinux_2_31_riscv64.whl", hash = "sha256:5a9c74b87151d8247d802bda33f78cab9f27c759f0605b760a8f9c9893b5606b", size = 1885810, upload-time = "2025-12-27T03:25:29.562Z" },
    { url = "https://files.pythonhosted.org/packages/7e/38/efa343b506221a9d43bb1132f08b29fcb07d4113165f598d8a1ea733a1e4/swig-4.4.1-py3-none-musllinux_1_2_aarch64.whl", hash = "sha256:a95ae66aebb8ccce4c50febd496e6927b888d98aba272dd5642fe9312bf61a3b", size = 2950985, upload-time = "2025-12-27T03:25:31.586Z" },
    { url = "https://files.pythonhosted.org/packages/de/0b/5b46e61798982f3cb0ed54fc30a30bad5fa6e3bdd1d9177e439976f7a7e5/swig-4.4.1-py3-none-musllinux_1_2_armv7l.whl", hash = "sha256:a8f06227e6472832dad3ae34d5bd88710b7bbb109f2927e14a21e6725146e944", size = 2781782, upload-time = "2025-12-27T03:25:33.534Z" },
    { url = "https://files.pythonhosted.org/packages/17/e6/a15efd9cbf39b1289ee7c1acb8d18824a0c2532b85cdbd93acfdf15ee000/swig-4.4.1-py3-none-musllinux_1_2_i686.whl", hash = "sha256:98d61b45215982dd3a71745dfc31599176ed79d286b58bc712c10ed031432fdf", size = 3272993, upload-time = "2025-12-27T03:25:35.862Z" },
    { url = "https://files.pythonhosted.org/packages/d6/fa/516b95f9966c57acf1da9f2eb22e4e63104452d6e28686d57b216171ee7c/swig-4.4.1-py3-none-musllinux_1_2_ppc64le.whl", hash = "sha256:b6909a8bd68037ea0df061a52c664431b062dbdfb1eb90768719518c120139d1", size = 3189093, upload-time = "2025-12-27T03:25:38.158Z" },
    { url = "https://files.pythonhosted.org/packages/0c/03/88ca92d3d8e9dd765a66985202db23745bd26a368570a8d8db9a218bfe90/swig-4.4.1-py3-none-musllinux_1_2_riscv64.whl", hash = "sha256:6a6a6331a5c7759ba5a910aa83aa5d33022b8e691b6cb466635c7fc2238facd2", size = 2967789, upload-time = "2025-12-27T03:25:40.24Z" },
    { url = "https://files.pythonhosted.org/packages/bf/97/5ca3d750f294048c983edfad1f2ad093a83480494fccb2f2e2496304f965/swig-4.4.1-py3-none-musllinux_1_2_s390x.whl", hash = "sha256:2d076358cded172d2f44b3c617923c593dbae664b3fa45051641f028f7f74010", size = 3203253, upload-time = "2025-12-27T03:25:41.953Z" },
    { url = "https://files.pythonhosted.org/packages/97/44/96586955c0f08b0b9b6c8b2b68ecb43a815da94d5362cfb6691ede3b9fdf/swig-4.4.1-py3-none-musllinux_1_2_x86_64.whl", hash = "sha256:43a0a876b4660f6addb6ae72d14a72324dc1388e1c168ed38bb00fd123048749", size = 3060721, upload-time = "2025-12-27T03:25:44.322Z" },
    { url = "https://files.pythonhosted.org/packages/a7/2f/7a6b14eea6d0247d3f803649f50df3cf3905714bd82f2c386fcfde9544f3/swig-4.4.1-py3-none-win_amd64.whl", hash = "sha256:4548c06ea2ed60c91f003bbc3892db58e185f572705653ab1470ca770f70495d", size = 2548684, upload-time = "2025-12-27T03:25:46.255Z" },
    { url = "https://files.pythonhosted.org/packages/26/c1/c316899d55a476ee9433bede6b94899b117c5e4b7947a073ef21053d4a21/swig-4.4.1-py3-none-win_arm64.whl", hash = "sha256:063224fe9a2f22fffc7d3b9add250112630f0e00f5f8dd9b9591ac106560177a", size = 2548683, upload-time = "2025-12-27T03:25:48.319Z" },
]

[[package]]
name = "typing-extensions"
version = "4.15.0"
source = { registry = "https://pypi.org/simple" }
sdist = { url = "https://files.pythonhosted.org/packages/72/94/1a15dd82efb362ac84269196e94cf00f187f7ed21c242792a923cdb1c61f/typing_extensions-4.15.0.tar.gz", hash = "sha256:0cea48d173cc12fa28ecabc3b837ea3cf6f38c6d1136f85cbaaf598984861466", size = 109391, upload-time = "2025-08-25T13:49:26.313Z" }
wheels = [
    { url = "https://files.pythonhosted.org/packages/18/67/36e9267722cc04a6b9f15c7f3441c2363321a3ea07da7ae0c0707beb2a9c/typing_extensions-4.15.0-py3-none-any.whl", hash = "sha256:f0fa19c6845758ab08074a0cfa8b7aecb71c999ca73d62883bc25cc018c4e548", size = 44614, upload-time = "2025-08-25T13:49:24.86Z" },
]
